// !$*UTF8*$!
{
	archiveVersion = 1;
	classes = {
	};
	objectVersion = 77;
	objects = {

/* Begin PBXBuildFile section */
		1CC848582D345AE400CCB911 /* email-stubs.xml in Resources */ = {isa = PBXBuildFile; fileRef = 1CC848572D345AE400CCB911 /* email-stubs.xml */; };
		1CC8485B2D34637F00CCB911 /* email-stubs.xml in Resources */ = {isa = PBXBuildFile; fileRef = 1CC848572D345AE400CCB911 /* email-stubs.xml */; };
		1CD01AE32CAE0FA80030F992 /* ZSWTappableLabel in Frameworks */ = {isa = PBXBuildFile; productRef = 1CD01AE22CAE0FA80030F992 /* ZSWTappableLabel */; };
		1CE12C0E2CA9CB2200BD11AA /* SnapKit in Frameworks */ = {isa = PBXBuildFile; productRef = 1CE12C0D2CA9CB2200BD11AA /* SnapKit */; };
		1CFD4DD22D3D654700EC9573 /* CGRPCZlib in Frameworks */ = {isa = PBXBuildFile; productRef = 1CFD4DD12D3D654700EC9573 /* CGRPCZlib */; };
		1CFD4DD42D3D654700EC9573 /* GRPC in Frameworks */ = {isa = PBXBuildFile; productRef = 1CFD4DD32D3D654700EC9573 /* GRPC */; };
		1CFD4DD62D3D654700EC9573 /* GRPCReflectionService in Frameworks */ = {isa = PBXBuildFile; productRef = 1CFD4DD52D3D654700EC9573 /* GRPCReflectionService */; };
		1CFD4DD82D3D654700EC9573 /* protoc-gen-grpc-swift in Frameworks */ = {isa = PBXBuildFile; productRef = 1CFD4DD72D3D654700EC9573 /* protoc-gen-grpc-swift */; };
		1CFD4DDF2D3D69F100EC9573 /* GRPC in Frameworks */ = {isa = PBXBuildFile; productRef = 1CFD4DDE2D3D69F100EC9573 /* GRPC */; };
		1CFD4ED62D3D73D000EC9573 /* NetworkKIT in Frameworks */ = {isa = PBXBuildFile; productRef = 1CFD4ED52D3D73D000EC9573 /* NetworkKIT */; };
/* End PBXBuildFile section */

/* Begin PBXContainerItemProxy section */
		1CC8484E2D345A2800CCB911 /* PBXContainerItemProxy */ = {
			isa = PBXContainerItemProxy;
			containerPortal = 1C9FBAD72CA86D5B00DE6652 /* Project object */;
			proxyType = 1;
			remoteGlobalIDString = 1C9FBADE2CA86D5B00DE6652;
			remoteInfo = ExamplePRJ;
		};
		1CFD4CEC2D3D598C00EC9573 /* PBXContainerItemProxy */ = {
			isa = PBXContainerItemProxy;
			containerPortal = 1C9FBAD72CA86D5B00DE6652 /* Project object */;
			proxyType = 1;
			remoteGlobalIDString = 1C9FBADE2CA86D5B00DE6652;
			remoteInfo = ExamplePRJ;
		};
/* End PBXContainerItemProxy section */

/* Begin PBXFileReference section */
		1C05F8632D3AC55F0061BABC /* ExamplePRJUITests.xctest */ = {isa = PBXFileReference; explicitFileType = wrapper.cfbundle; includeInIndex = 0; path = ExamplePRJUITests.xctest; sourceTree = BUILT_PRODUCTS_DIR; };
		1C9FBADF2CA86D5B00DE6652 /* ExamplePRJ.app */ = {isa = PBXFileReference; explicitFileType = wrapper.application; includeInIndex = 0; path = ExamplePRJ.app; sourceTree = BUILT_PRODUCTS_DIR; };
		1CC8484A2D345A2800CCB911 /* ExamplePRJTests.xctest */ = {isa = PBXFileReference; explicitFileType = wrapper.cfbundle; includeInIndex = 0; path = ExamplePRJTests.xctest; sourceTree = BUILT_PRODUCTS_DIR; };
		1CC848572D345AE400CCB911 /* email-stubs.xml */ = {isa = PBXFileReference; lastKnownFileType = text.xml; path = "email-stubs.xml"; sourceTree = "<group>"; };
		1CFD4DE82D3D6C2100EC9573 /* NetworkKIT */ = {isa = PBXFileReference; lastKnownFileType = wrapper; path = NetworkKIT; sourceTree = "<group>"; };
/* End PBXFileReference section */

/* Begin PBXFileSystemSynchronizedBuildFileExceptionSet section */
		1C9FBAF12CA86D5D00DE6652 /* Exceptions for "ExamplePRJ" folder in "ExamplePRJ" target */ = {
			isa = PBXFileSystemSynchronizedBuildFileExceptionSet;
			membershipExceptions = (
				Info.plist,
			);
			target = 1C9FBADE2CA86D5B00DE6652 /* ExamplePRJ */;
		};
/* End PBXFileSystemSynchronizedBuildFileExceptionSet section */

/* Begin PBXFileSystemSynchronizedRootGroup section */
		1C05F8642D3AC55F0061BABC /* ExamplePRJUITests */ = {
			isa = PBXFileSystemSynchronizedRootGroup;
			path = ExamplePRJUITests;
			sourceTree = "<group>";
		};
		1C9FBAE12CA86D5B00DE6652 /* ExamplePRJ */ = {
			isa = PBXFileSystemSynchronizedRootGroup;
			exceptions = (
				1C9FBAF12CA86D5D00DE6652 /* Exceptions for "ExamplePRJ" folder in "ExamplePRJ" target */,
			);
			path = ExamplePRJ;
			sourceTree = "<group>";
		};
		1CC8484B2D345A2800CCB911 /* ExamplePRJTests */ = {
			isa = PBXFileSystemSynchronizedRootGroup;
			path = ExamplePRJTests;
			sourceTree = "<group>";
		};
/* End PBXFileSystemSynchronizedRootGroup section */

/* Begin PBXFrameworksBuildPhase section */
		1C05F8602D3AC55F0061BABC /* Frameworks */ = {
			isa = PBXFrameworksBuildPhase;
			buildActionMask = 2147483647;
			files = (
			);
			runOnlyForDeploymentPostprocessing = 0;
		};
		1C9FBADC2CA86D5B00DE6652 /* Frameworks */ = {
			isa = PBXFrameworksBuildPhase;
			buildActionMask = 2147483647;
			files = (
				1CFD4DD62D3D654700EC9573 /* GRPCReflectionService in Frameworks */,
				1CFD4DD42D3D654700EC9573 /* GRPC in Frameworks */,
				1CFD4DD82D3D654700EC9573 /* protoc-gen-grpc-swift in Frameworks */,
				1CE12C0E2CA9CB2200BD11AA /* SnapKit in Frameworks */,
				1CD01AE32CAE0FA80030F992 /* ZSWTappableLabel in Frameworks */,
				1CFD4DD22D3D654700EC9573 /* CGRPCZlib in Frameworks */,
				1CFD4ED62D3D73D000EC9573 /* NetworkKIT in Frameworks */,
			);
			runOnlyForDeploymentPostprocessing = 0;
		};
		1CC848472D345A2800CCB911 /* Frameworks */ = {
			isa = PBXFrameworksBuildPhase;
			buildActionMask = 2147483647;
			files = (
				1CFD4DDF2D3D69F100EC9573 /* GRPC in Frameworks */,
			);
			runOnlyForDeploymentPostprocessing = 0;
		};
/* End PBXFrameworksBuildPhase section */

/* Begin PBXGroup section */
		1C9FBAD62CA86D5B00DE6652 = {
			isa = PBXGroup;
			children = (
				1CFD4DE72D3D6BB800EC9573 /* DevPackages */,
				1C9FBAE12CA86D5B00DE6652 /* ExamplePRJ */,
				1CC8484B2D345A2800CCB911 /* ExamplePRJTests */,
				1C05F8642D3AC55F0061BABC /* ExamplePRJUITests */,
				1CC848572D345AE400CCB911 /* email-stubs.xml */,
				1CFD4ECD2D3D6EC800EC9573 /* Frameworks */,
				1C9FBAE02CA86D5B00DE6652 /* Products */,
			);
			sourceTree = "<group>";
		};
		1C9FBAE02CA86D5B00DE6652 /* Products */ = {
			isa = PBXGroup;
			children = (
				1C9FBADF2CA86D5B00DE6652 /* ExamplePRJ.app */,
				1CC8484A2D345A2800CCB911 /* ExamplePRJTests.xctest */,
				1C05F8632D3AC55F0061BABC /* ExamplePRJUITests.xctest */,
			);
			name = Products;
			sourceTree = "<group>";
		};
		1CFD4DE72D3D6BB800EC9573 /* DevPackages */ = {
			isa = PBXGroup;
			children = (
				1CFD4DE82D3D6C2100EC9573 /* NetworkKIT */,
			);
			path = DevPackages;
			sourceTree = "<group>";
		};
		1CFD4ECD2D3D6EC800EC9573 /* Frameworks */ = {
			isa = PBXGroup;
			children = (
			);
			name = Frameworks;
			sourceTree = "<group>";
		};
/* End PBXGroup section */

/* Begin PBXNativeTarget section */
		1C05F8622D3AC55F0061BABC /* ExamplePRJUITests */ = {
			isa = PBXNativeTarget;
			buildConfigurationList = 1C05F86B2D3AC55F0061BABC /* Build configuration list for PBXNativeTarget "ExamplePRJUITests" */;
			buildPhases = (
				1C05F85F2D3AC55F0061BABC /* Sources */,
				1C05F8602D3AC55F0061BABC /* Frameworks */,
				1C05F8612D3AC55F0061BABC /* Resources */,
			);
			buildRules = (
			);
			dependencies = (
				1CFD4CED2D3D598C00EC9573 /* PBXTargetDependency */,
			);
			fileSystemSynchronizedGroups = (
				1C05F8642D3AC55F0061BABC /* ExamplePRJUITests */,
			);
			name = ExamplePRJUITests;
			packageProductDependencies = (
			);
			productName = ExamplePRJUITests;
			productReference = 1C05F8632D3AC55F0061BABC /* ExamplePRJUITests.xctest */;
			productType = "com.apple.product-type.bundle.ui-testing";
		};
		1C9FBADE2CA86D5B00DE6652 /* ExamplePRJ */ = {
			isa = PBXNativeTarget;
			buildConfigurationList = 1C9FBAF22CA86D5D00DE6652 /* Build configuration list for PBXNativeTarget "ExamplePRJ" */;
			buildPhases = (
				1C9FBADB2CA86D5B00DE6652 /* Sources */,
				1C9FBADC2CA86D5B00DE6652 /* Frameworks */,
				1C9FBADD2CA86D5B00DE6652 /* Resources */,
			);
			buildRules = (
			);
			dependencies = (
				1CFD4DDB2D3D68B600EC9573 /* PBXTargetDependency */,
			);
			fileSystemSynchronizedGroups = (
				1C9FBAE12CA86D5B00DE6652 /* ExamplePRJ */,
			);
			name = ExamplePRJ;
			packageProductDependencies = (
				1CE12C0D2CA9CB2200BD11AA /* SnapKit */,
				1CD01AE22CAE0FA80030F992 /* ZSWTappableLabel */,
				1CFD4DD12D3D654700EC9573 /* CGRPCZlib */,
				1CFD4DD32D3D654700EC9573 /* GRPC */,
				1CFD4DD52D3D654700EC9573 /* GRPCReflectionService */,
				1CFD4DD72D3D654700EC9573 /* protoc-gen-grpc-swift */,
				1CFD4ED52D3D73D000EC9573 /* NetworkKIT */,
			);
			productName = ExamplePRJ;
			productReference = 1C9FBADF2CA86D5B00DE6652 /* ExamplePRJ.app */;
			productType = "com.apple.product-type.application";
		};
		1CC848492D345A2800CCB911 /* ExamplePRJTests */ = {
			isa = PBXNativeTarget;
			buildConfigurationList = 1CC848502D345A2800CCB911 /* Build configuration list for PBXNativeTarget "ExamplePRJTests" */;
			buildPhases = (
				1CC848462D345A2800CCB911 /* Sources */,
				1CC848472D345A2800CCB911 /* Frameworks */,
				1CC848482D345A2800CCB911 /* Resources */,
			);
			buildRules = (
			);
			dependencies = (
				1CFD4DDD2D3D69D200EC9573 /* PBXTargetDependency */,
				1CC8484F2D345A2800CCB911 /* PBXTargetDependency */,
			);
			fileSystemSynchronizedGroups = (
				1CC8484B2D345A2800CCB911 /* ExamplePRJTests */,
			);
			name = ExamplePRJTests;
			packageProductDependencies = (
				1CFD4DDE2D3D69F100EC9573 /* GRPC */,
			);
			productName = ExamplePRJTests;
			productReference = 1CC8484A2D345A2800CCB911 /* ExamplePRJTests.xctest */;
			productType = "com.apple.product-type.bundle.unit-test";
		};
/* End PBXNativeTarget section */

/* Begin PBXProject section */
		1C9FBAD72CA86D5B00DE6652 /* Project object */ = {
			isa = PBXProject;
			attributes = {
				BuildIndependentTargetsInParallel = 1;
				LastSwiftUpdateCheck = 1610;
				LastUpgradeCheck = 1600;
				TargetAttributes = {
					1C05F8622D3AC55F0061BABC = {
						CreatedOnToolsVersion = 16.1;
						TestTargetID = 1C9FBADE2CA86D5B00DE6652;
					};
					1C9FBADE2CA86D5B00DE6652 = {
						CreatedOnToolsVersion = 16.0;
					};
					1CC848492D345A2800CCB911 = {
						CreatedOnToolsVersion = 16.1;
						TestTargetID = 1C9FBADE2CA86D5B00DE6652;
					};
				};
			};
			buildConfigurationList = 1C9FBADA2CA86D5B00DE6652 /* Build configuration list for PBXProject "ExamplePRJ" */;
			developmentRegion = en;
			hasScannedForEncodings = 0;
			knownRegions = (
				en,
				Base,
			);
			mainGroup = 1C9FBAD62CA86D5B00DE6652;
			minimizedProjectReferenceProxies = 1;
			packageReferences = (
				1CE12C0C2CA9CB2200BD11AA /* XCRemoteSwiftPackageReference "SnapKit" */,
				1CD01AE12CAE0FA80030F992 /* XCRemoteSwiftPackageReference "ZSWTappableLabel" */,
				1C041D642CB027790068A1C1 /* XCRemoteSwiftPackageReference "SwiftLintPlugins" */,
				1CFD4DD02D3D654700EC9573 /* XCRemoteSwiftPackageReference "grpc-swift" */,
			);
			preferredProjectObjectVersion = 77;
			productRefGroup = 1C9FBAE02CA86D5B00DE6652 /* Products */;
			projectDirPath = "";
			projectRoot = "";
			targets = (
				1C9FBADE2CA86D5B00DE6652 /* ExamplePRJ */,
				1CC848492D345A2800CCB911 /* ExamplePRJTests */,
				1C05F8622D3AC55F0061BABC /* ExamplePRJUITests */,
			);
		};
/* End PBXProject section */

/* Begin PBXResourcesBuildPhase section */
		1C05F8612D3AC55F0061BABC /* Resources */ = {
			isa = PBXResourcesBuildPhase;
			buildActionMask = 2147483647;
			files = (
			);
			runOnlyForDeploymentPostprocessing = 0;
		};
		1C9FBADD2CA86D5B00DE6652 /* Resources */ = {
			isa = PBXResourcesBuildPhase;
			buildActionMask = 2147483647;
			files = (
				1CC8485B2D34637F00CCB911 /* email-stubs.xml in Resources */,
			);
			runOnlyForDeploymentPostprocessing = 0;
		};
		1CC848482D345A2800CCB911 /* Resources */ = {
			isa = PBXResourcesBuildPhase;
			buildActionMask = 2147483647;
			files = (
				1CC848582D345AE400CCB911 /* email-stubs.xml in Resources */,
			);
			runOnlyForDeploymentPostprocessing = 0;
		};
/* End PBXResourcesBuildPhase section */

/* Begin PBXSourcesBuildPhase section */
		1C05F85F2D3AC55F0061BABC /* Sources */ = {
			isa = PBXSourcesBuildPhase;
			buildActionMask = 2147483647;
			files = (
			);
			runOnlyForDeploymentPostprocessing = 0;
		};
		1C9FBADB2CA86D5B00DE6652 /* Sources */ = {
			isa = PBXSourcesBuildPhase;
			buildActionMask = 2147483647;
			files = (
			);
			runOnlyForDeploymentPostprocessing = 0;
		};
		1CC848462D345A2800CCB911 /* Sources */ = {
			isa = PBXSourcesBuildPhase;
			buildActionMask = 2147483647;
			files = (
			);
			runOnlyForDeploymentPostprocessing = 0;
		};
/* End PBXSourcesBuildPhase section */

/* Begin PBXTargetDependency section */
		1CC8484F2D345A2800CCB911 /* PBXTargetDependency */ = {
			isa = PBXTargetDependency;
			target = 1C9FBADE2CA86D5B00DE6652 /* ExamplePRJ */;
			targetProxy = 1CC8484E2D345A2800CCB911 /* PBXContainerItemProxy */;
		};
		1CFD4CED2D3D598C00EC9573 /* PBXTargetDependency */ = {
			isa = PBXTargetDependency;
			target = 1C9FBADE2CA86D5B00DE6652 /* ExamplePRJ */;
			targetProxy = 1CFD4CEC2D3D598C00EC9573 /* PBXContainerItemProxy */;
		};
		1CFD4DDB2D3D68B600EC9573 /* PBXTargetDependency */ = {
			isa = PBXTargetDependency;
			productRef = 1CFD4DDA2D3D68B600EC9573 /* GRPC */;
		};
		1CFD4DDD2D3D69D200EC9573 /* PBXTargetDependency */ = {
			isa = PBXTargetDependency;
			productRef = 1CFD4DDC2D3D69D200EC9573 /* GRPC */;
		};
/* End PBXTargetDependency section */

/* Begin XCBuildConfiguration section */
		1C05F86C2D3AC55F0061BABC /* Debug */ = {
			isa = XCBuildConfiguration;
			buildSettings = {
				CODE_SIGN_STYLE = Automatic;
				CURRENT_PROJECT_VERSION = 1;
				DEVELOPMENT_TEAM = S58FZLDBPQ;
				GENERATE_INFOPLIST_FILE = YES;
				IPHONEOS_DEPLOYMENT_TARGET = 18.1;
				MARKETING_VERSION = 1.0;
				PRODUCT_BUNDLE_IDENTIFIER = home.proj.ExamplePRJUITests;
				PRODUCT_NAME = "$(TARGET_NAME)";
				SWIFT_EMIT_LOC_STRINGS = NO;
				SWIFT_VERSION = 5.0;
				TARGETED_DEVICE_FAMILY = "1,2";
				TEST_TARGET_NAME = ExamplePRJ;
			};
			name = Debug;
		};
		1C05F86D2D3AC55F0061BABC /* Release */ = {
			isa = XCBuildConfiguration;
			buildSettings = {
				CODE_SIGN_STYLE = Automatic;
				CURRENT_PROJECT_VERSION = 1;
				DEVELOPMENT_TEAM = S58FZLDBPQ;
				GENERATE_INFOPLIST_FILE = YES;
				IPHONEOS_DEPLOYMENT_TARGET = 18.1;
				MARKETING_VERSION = 1.0;
				PRODUCT_BUNDLE_IDENTIFIER = home.proj.ExamplePRJUITests;
				PRODUCT_NAME = "$(TARGET_NAME)";
				SWIFT_EMIT_LOC_STRINGS = NO;
				SWIFT_VERSION = 5.0;
				TARGETED_DEVICE_FAMILY = "1,2";
				TEST_TARGET_NAME = ExamplePRJ;
			};
			name = Release;
		};
		1C9FBAF32CA86D5D00DE6652 /* Debug */ = {
			isa = XCBuildConfiguration;
			buildSettings = {
				ASSETCATALOG_COMPILER_APPICON_NAME = AppIcon;
				"ASSETCATALOG_COMPILER_APPICON_NAME[sdk=iphoneos*]" = AppIcon;
				ASSETCATALOG_COMPILER_GLOBAL_ACCENT_COLOR_NAME = AccentColor;
				CODE_SIGN_STYLE = Automatic;
				CURRENT_PROJECT_VERSION = 1;
				DEVELOPMENT_TEAM = S58FZLDBPQ;
				GENERATE_INFOPLIST_FILE = YES;
				INFOPLIST_FILE = ExamplePRJ/Info.plist;
				INFOPLIST_KEY_UIApplicationSupportsIndirectInputEvents = YES;
				INFOPLIST_KEY_UILaunchStoryboardName = LaunchScreen;
				INFOPLIST_KEY_UISupportedInterfaceOrientations_iPad = "UIInterfaceOrientationPortrait UIInterfaceOrientationPortraitUpsideDown UIInterfaceOrientationLandscapeLeft UIInterfaceOrientationLandscapeRight";
				INFOPLIST_KEY_UISupportedInterfaceOrientations_iPhone = "UIInterfaceOrientationPortrait UIInterfaceOrientationLandscapeLeft UIInterfaceOrientationLandscapeRight";
				LD_RUNPATH_SEARCH_PATHS = (
					"$(inherited)",
					"@executable_path/Frameworks",
				);
				MARKETING_VERSION = 1.0;
				PRODUCT_BUNDLE_IDENTIFIER = home.example.ExamplePRJ;
				PRODUCT_NAME = "$(TARGET_NAME)";
				SWIFT_EMIT_LOC_STRINGS = YES;
				SWIFT_VERSION = 5.0;
				TARGETED_DEVICE_FAMILY = "1,2";
			};
			name = Debug;
		};
		1C9FBAF42CA86D5D00DE6652 /* Release */ = {
			isa = XCBuildConfiguration;
			buildSettings = {
				ASSETCATALOG_COMPILER_APPICON_NAME = AppIcon;
				ASSETCATALOG_COMPILER_GLOBAL_ACCENT_COLOR_NAME = AccentColor;
				CODE_SIGN_STYLE = Automatic;
				CURRENT_PROJECT_VERSION = 1;
				DEVELOPMENT_TEAM = S58FZLDBPQ;
				GENERATE_INFOPLIST_FILE = YES;
				INFOPLIST_FILE = ExamplePRJ/Info.plist;
				INFOPLIST_KEY_UIApplicationSupportsIndirectInputEvents = YES;
				INFOPLIST_KEY_UILaunchStoryboardName = LaunchScreen;
				INFOPLIST_KEY_UISupportedInterfaceOrientations_iPad = "UIInterfaceOrientationPortrait UIInterfaceOrientationPortraitUpsideDown UIInterfaceOrientationLandscapeLeft UIInterfaceOrientationLandscapeRight";
				INFOPLIST_KEY_UISupportedInterfaceOrientations_iPhone = "UIInterfaceOrientationPortrait UIInterfaceOrientationLandscapeLeft UIInterfaceOrientationLandscapeRight";
				LD_RUNPATH_SEARCH_PATHS = (
					"$(inherited)",
					"@executable_path/Frameworks",
				);
				MARKETING_VERSION = 1.0;
				PRODUCT_BUNDLE_IDENTIFIER = home.example.ExamplePRJ;
				PRODUCT_NAME = "$(TARGET_NAME)";
				SWIFT_EMIT_LOC_STRINGS = YES;
				SWIFT_VERSION = 5.0;
				TARGETED_DEVICE_FAMILY = "1,2";
			};
			name = Release;
		};
		1C9FBAF52CA86D5D00DE6652 /* Debug */ = {
			isa = XCBuildConfiguration;
			buildSettings = {
				ALWAYS_SEARCH_USER_PATHS = NO;
				ASSETCATALOG_COMPILER_GENERATE_SWIFT_ASSET_SYMBOL_EXTENSIONS = YES;
				CLANG_ANALYZER_NONNULL = YES;
				CLANG_ANALYZER_NUMBER_OBJECT_CONVERSION = YES_AGGRESSIVE;
				CLANG_CXX_LANGUAGE_STANDARD = "gnu++20";
				CLANG_ENABLE_MODULES = YES;
				CLANG_ENABLE_OBJC_ARC = YES;
				CLANG_ENABLE_OBJC_WEAK = YES;
				CLANG_WARN_BLOCK_CAPTURE_AUTORELEASING = YES;
				CLANG_WARN_BOOL_CONVERSION = YES;
				CLANG_WARN_COMMA = YES;
				CLANG_WARN_CONSTANT_CONVERSION = YES;
				CLANG_WARN_DEPRECATED_OBJC_IMPLEMENTATIONS = YES;
				CLANG_WARN_DIRECT_OBJC_ISA_USAGE = YES_ERROR;
				CLANG_WARN_DOCUMENTATION_COMMENTS = YES;
				CLANG_WARN_EMPTY_BODY = YES;
				CLANG_WARN_ENUM_CONVERSION = YES;
				CLANG_WARN_INFINITE_RECURSION = YES;
				CLANG_WARN_INT_CONVERSION = YES;
				CLANG_WARN_NON_LITERAL_NULL_CONVERSION = YES;
				CLANG_WARN_OBJC_IMPLICIT_RETAIN_SELF = YES;
				CLANG_WARN_OBJC_LITERAL_CONVERSION = YES;
				CLANG_WARN_OBJC_ROOT_CLASS = YES_ERROR;
				CLANG_WARN_QUOTED_INCLUDE_IN_FRAMEWORK_HEADER = YES;
				CLANG_WARN_RANGE_LOOP_ANALYSIS = YES;
				CLANG_WARN_STRICT_PROTOTYPES = YES;
				CLANG_WARN_SUSPICIOUS_MOVE = YES;
				CLANG_WARN_UNGUARDED_AVAILABILITY = YES_AGGRESSIVE;
				CLANG_WARN_UNREACHABLE_CODE = YES;
				CLANG_WARN__DUPLICATE_METHOD_MATCH = YES;
				COPY_PHASE_STRIP = NO;
				DEBUG_INFORMATION_FORMAT = dwarf;
				ENABLE_STRICT_OBJC_MSGSEND = YES;
				ENABLE_TESTABILITY = YES;
				ENABLE_USER_SCRIPT_SANDBOXING = YES;
				GCC_C_LANGUAGE_STANDARD = gnu17;
				GCC_DYNAMIC_NO_PIC = NO;
				GCC_NO_COMMON_BLOCKS = YES;
				GCC_OPTIMIZATION_LEVEL = 0;
				GCC_PREPROCESSOR_DEFINITIONS = (
					"DEBUG=1",
					"$(inherited)",
				);
				GCC_WARN_64_TO_32_BIT_CONVERSION = YES;
				GCC_WARN_ABOUT_RETURN_TYPE = YES_ERROR;
				GCC_WARN_UNDECLARED_SELECTOR = YES;
				GCC_WARN_UNINITIALIZED_AUTOS = YES_AGGRESSIVE;
				GCC_WARN_UNUSED_FUNCTION = YES;
				GCC_WARN_UNUSED_VARIABLE = YES;
				IPHONEOS_DEPLOYMENT_TARGET = 18.0;
				LOCALIZATION_PREFERS_STRING_CATALOGS = YES;
				MTL_ENABLE_DEBUG_INFO = INCLUDE_SOURCE;
				MTL_FAST_MATH = YES;
				ONLY_ACTIVE_ARCH = YES;
				SDKROOT = iphoneos;
				SWIFT_ACTIVE_COMPILATION_CONDITIONS = "DEBUG $(inherited)";
				SWIFT_OPTIMIZATION_LEVEL = "-Onone";
			};
			name = Debug;
		};
		1C9FBAF62CA86D5D00DE6652 /* Release */ = {
			isa = XCBuildConfiguration;
			buildSettings = {
				ALWAYS_SEARCH_USER_PATHS = NO;
				ASSETCATALOG_COMPILER_GENERATE_SWIFT_ASSET_SYMBOL_EXTENSIONS = YES;
				CLANG_ANALYZER_NONNULL = YES;
				CLANG_ANALYZER_NUMBER_OBJECT_CONVERSION = YES_AGGRESSIVE;
				CLANG_CXX_LANGUAGE_STANDARD = "gnu++20";
				CLANG_ENABLE_MODULES = YES;
				CLANG_ENABLE_OBJC_ARC = YES;
				CLANG_ENABLE_OBJC_WEAK = YES;
				CLANG_WARN_BLOCK_CAPTURE_AUTORELEASING = YES;
				CLANG_WARN_BOOL_CONVERSION = YES;
				CLANG_WARN_COMMA = YES;
				CLANG_WARN_CONSTANT_CONVERSION = YES;
				CLANG_WARN_DEPRECATED_OBJC_IMPLEMENTATIONS = YES;
				CLANG_WARN_DIRECT_OBJC_ISA_USAGE = YES_ERROR;
				CLANG_WARN_DOCUMENTATION_COMMENTS = YES;
				CLANG_WARN_EMPTY_BODY = YES;
				CLANG_WARN_ENUM_CONVERSION = YES;
				CLANG_WARN_INFINITE_RECURSION = YES;
				CLANG_WARN_INT_CONVERSION = YES;
				CLANG_WARN_NON_LITERAL_NULL_CONVERSION = YES;
				CLANG_WARN_OBJC_IMPLICIT_RETAIN_SELF = YES;
				CLANG_WARN_OBJC_LITERAL_CONVERSION = YES;
				CLANG_WARN_OBJC_ROOT_CLASS = YES_ERROR;
				CLANG_WARN_QUOTED_INCLUDE_IN_FRAMEWORK_HEADER = YES;
				CLANG_WARN_RANGE_LOOP_ANALYSIS = YES;
				CLANG_WARN_STRICT_PROTOTYPES = YES;
				CLANG_WARN_SUSPICIOUS_MOVE = YES;
				CLANG_WARN_UNGUARDED_AVAILABILITY = YES_AGGRESSIVE;
				CLANG_WARN_UNREACHABLE_CODE = YES;
				CLANG_WARN__DUPLICATE_METHOD_MATCH = YES;
				COPY_PHASE_STRIP = NO;
				DEBUG_INFORMATION_FORMAT = "dwarf-with-dsym";
				ENABLE_NS_ASSERTIONS = NO;
				ENABLE_STRICT_OBJC_MSGSEND = YES;
				ENABLE_USER_SCRIPT_SANDBOXING = YES;
				GCC_C_LANGUAGE_STANDARD = gnu17;
				GCC_NO_COMMON_BLOCKS = YES;
				GCC_WARN_64_TO_32_BIT_CONVERSION = YES;
				GCC_WARN_ABOUT_RETURN_TYPE = YES_ERROR;
				GCC_WARN_UNDECLARED_SELECTOR = YES;
				GCC_WARN_UNINITIALIZED_AUTOS = YES_AGGRESSIVE;
				GCC_WARN_UNUSED_FUNCTION = YES;
				GCC_WARN_UNUSED_VARIABLE = YES;
				IPHONEOS_DEPLOYMENT_TARGET = 18.0;
				LOCALIZATION_PREFERS_STRING_CATALOGS = YES;
				MTL_ENABLE_DEBUG_INFO = NO;
				MTL_FAST_MATH = YES;
				SDKROOT = iphoneos;
				SWIFT_COMPILATION_MODE = wholemodule;
				VALIDATE_PRODUCT = YES;
			};
			name = Release;
		};
		1CC848512D345A2800CCB911 /* Debug */ = {
			isa = XCBuildConfiguration;
			buildSettings = {
				BUNDLE_LOADER = "$(TEST_HOST)";
				CODE_SIGN_STYLE = Automatic;
				CURRENT_PROJECT_VERSION = 1;
				DEVELOPMENT_TEAM = S58FZLDBPQ;
				GENERATE_INFOPLIST_FILE = YES;
				IPHONEOS_DEPLOYMENT_TARGET = 18.1;
				MARKETING_VERSION = 1.0;
				PRODUCT_BUNDLE_IDENTIFIER = home.proj.ExamplePRJTests;
				PRODUCT_NAME = "$(TARGET_NAME)";
				SWIFT_EMIT_LOC_STRINGS = NO;
				SWIFT_VERSION = 5.0;
				TARGETED_DEVICE_FAMILY = "1,2";
				TEST_HOST = "$(BUILT_PRODUCTS_DIR)/ExamplePRJ.app/$(BUNDLE_EXECUTABLE_FOLDER_PATH)/ExamplePRJ";
			};
			name = Debug;
		};
		1CC848522D345A2800CCB911 /* Release */ = {
			isa = XCBuildConfiguration;
			buildSettings = {
				BUNDLE_LOADER = "$(TEST_HOST)";
				CODE_SIGN_STYLE = Automatic;
				CURRENT_PROJECT_VERSION = 1;
				DEVELOPMENT_TEAM = S58FZLDBPQ;
				GENERATE_INFOPLIST_FILE = YES;
				IPHONEOS_DEPLOYMENT_TARGET = 18.1;
				MARKETING_VERSION = 1.0;
				PRODUCT_BUNDLE_IDENTIFIER = home.proj.ExamplePRJTests;
				PRODUCT_NAME = "$(TARGET_NAME)";
				SWIFT_EMIT_LOC_STRINGS = NO;
				SWIFT_VERSION = 5.0;
				TARGETED_DEVICE_FAMILY = "1,2";
				TEST_HOST = "$(BUILT_PRODUCTS_DIR)/ExamplePRJ.app/$(BUNDLE_EXECUTABLE_FOLDER_PATH)/ExamplePRJ";
			};
			name = Release;
		};
/* End XCBuildConfiguration section */

/* Begin XCConfigurationList section */
		1C05F86B2D3AC55F0061BABC /* Build configuration list for PBXNativeTarget "ExamplePRJUITests" */ = {
			isa = XCConfigurationList;
			buildConfigurations = (
				1C05F86C2D3AC55F0061BABC /* Debug */,
				1C05F86D2D3AC55F0061BABC /* Release */,
			);
			defaultConfigurationIsVisible = 0;
			defaultConfigurationName = Release;
		};
		1C9FBADA2CA86D5B00DE6652 /* Build configuration list for PBXProject "ExamplePRJ" */ = {
			isa = XCConfigurationList;
			buildConfigurations = (
				1C9FBAF52CA86D5D00DE6652 /* Debug */,
				1C9FBAF62CA86D5D00DE6652 /* Release */,
			);
			defaultConfigurationIsVisible = 0;
			defaultConfigurationName = Release;
		};
		1C9FBAF22CA86D5D00DE6652 /* Build configuration list for PBXNativeTarget "ExamplePRJ" */ = {
			isa = XCConfigurationList;
			buildConfigurations = (
				1C9FBAF32CA86D5D00DE6652 /* Debug */,
				1C9FBAF42CA86D5D00DE6652 /* Release */,
			);
			defaultConfigurationIsVisible = 0;
			defaultConfigurationName = Release;
		};
		1CC848502D345A2800CCB911 /* Build configuration list for PBXNativeTarget "ExamplePRJTests" */ = {
			isa = XCConfigurationList;
			buildConfigurations = (
				1CC848512D345A2800CCB911 /* Debug */,
				1CC848522D345A2800CCB911 /* Release */,
			);
			defaultConfigurationIsVisible = 0;
			defaultConfigurationName = Release;
		};
/* End XCConfigurationList section */

/* Begin XCRemoteSwiftPackageReference section */
		1C041D642CB027790068A1C1 /* XCRemoteSwiftPackageReference "SwiftLintPlugins" */ = {
			isa = XCRemoteSwiftPackageReference;
			repositoryURL = "https://github.com/SimplyDanny/SwiftLintPlugins";
			requirement = {
				kind = upToNextMajorVersion;
				minimumVersion = 0.57.0;
			};
		};
		1CD01AE12CAE0FA80030F992 /* XCRemoteSwiftPackageReference "ZSWTappableLabel" */ = {
			isa = XCRemoteSwiftPackageReference;
			repositoryURL = "https://github.com/zacwest/ZSWTappableLabel.git";
			requirement = {
				kind = upToNextMajorVersion;
				minimumVersion = 3.3.2;
			};
		};
		1CE12C0C2CA9CB2200BD11AA /* XCRemoteSwiftPackageReference "SnapKit" */ = {
			isa = XCRemoteSwiftPackageReference;
			repositoryURL = "https://github.com/SnapKit/SnapKit.git";
			requirement = {
				kind = upToNextMajorVersion;
				minimumVersion = 5.7.1;
			};
		};
		1CFD4DD02D3D654700EC9573 /* XCRemoteSwiftPackageReference "grpc-swift" */ = {
			isa = XCRemoteSwiftPackageReference;
			repositoryURL = "https://github.com/grpc/grpc-swift.git";
			requirement = {
				kind = upToNextMajorVersion;
				minimumVersion = 1.24.2;
			};
		};
/* End XCRemoteSwiftPackageReference section */

/* Begin XCSwiftPackageProductDependency section */
		1CD01AE22CAE0FA80030F992 /* ZSWTappableLabel */ = {
			isa = XCSwiftPackageProductDependency;
			package = 1CD01AE12CAE0FA80030F992 /* XCRemoteSwiftPackageReference "ZSWTappableLabel" */;
			productName = ZSWTappableLabel;
		};
		1CE12C0D2CA9CB2200BD11AA /* SnapKit */ = {
			isa = XCSwiftPackageProductDependency;
			package = 1CE12C0C2CA9CB2200BD11AA /* XCRemoteSwiftPackageReference "SnapKit" */;
			productName = SnapKit;
		};
		1CFD4DD12D3D654700EC9573 /* CGRPCZlib */ = {
			isa = XCSwiftPackageProductDependency;
			package = 1CFD4DD02D3D654700EC9573 /* XCRemoteSwiftPackageReference "grpc-swift" */;
			productName = CGRPCZlib;
		};
		1CFD4DD32D3D654700EC9573 /* GRPC */ = {
			isa = XCSwiftPackageProductDependency;
			package = 1CFD4DD02D3D654700EC9573 /* XCRemoteSwiftPackageReference "grpc-swift" */;
			productName = GRPC;
		};
		1CFD4DD52D3D654700EC9573 /* GRPCReflectionService */ = {
			isa = XCSwiftPackageProductDependency;
			package = 1CFD4DD02D3D654700EC9573 /* XCRemoteSwiftPackageReference "grpc-swift" */;
			productName = GRPCReflectionService;
		};
		1CFD4DD72D3D654700EC9573 /* protoc-gen-grpc-swift */ = {
			isa = XCSwiftPackageProductDependency;
			package = 1CFD4DD02D3D654700EC9573 /* XCRemoteSwiftPackageReference "grpc-swift" */;
			productName = "protoc-gen-grpc-swift";
		};
		1CFD4DDA2D3D68B600EC9573 /* GRPC */ = {
			isa = XCSwiftPackageProductDependency;
			package = 1CFD4DD02D3D654700EC9573 /* XCRemoteSwiftPackageReference "grpc-swift" */;
			productName = GRPC;
		};
		1CFD4DDC2D3D69D200EC9573 /* GRPC */ = {
			isa = XCSwiftPackageProductDependency;
			package = 1CFD4DD02D3D654700EC9573 /* XCRemoteSwiftPackageReference "grpc-swift" */;
			productName = GRPC;
		};
		1CFD4DDE2D3D69F100EC9573 /* GRPC */ = {
			isa = XCSwiftPackageProductDependency;
			package = 1CFD4DD02D3D654700EC9573 /* XCRemoteSwiftPackageReference "grpc-swift" */;
			productName = GRPC;
		};
		1CFD4ED52D3D73D000EC9573 /* NetworkKIT */ = {
			isa = XCSwiftPackageProductDependency;
			productName = NetworkKIT;
		};
/* End XCSwiftPackageProductDependency section */
	};
	rootObject = 1C9FBAD72CA86D5B00DE6652 /* Project object */;
}
