{
  "originHash" : "defabc5c79d284e9dc7051dfb6ddc2f3fc9f7e2c4fc6a797dd7ead15095a8a99",
  "pins" : [
    {
      "identity" : "snapkit",
      "kind" : "remoteSourceControl",
      "location" : "https://github.com/SnapKit/SnapKit.git",
      "state" : {
        "revision" : "2842e6e84e82eb9a8dac0100ca90d9444b0307f4",
        "version" : "5.7.1"
      }
    },
    {
      "identity" : "swiftlintplugins",
      "kind" : "remoteSourceControl",
      "location" : "https://github.com/SimplyDanny/SwiftLintPlugins",
      "state" : {
        "revision" : "7c80ce6f142164b0201871e580b021d1b2c69804",
        "version" : "0.57.0"
      }
    },
    {
      "identity" : "zswtappablelabel",
      "kind" : "remoteSourceControl",
      "location" : "https://github.com/zacwest/ZSWTappableLabel.git",
      "state" : {
        "revision" : "53ab6fc7092537a3951cf3c1efa68fbbe7434ca8",
        "version" : "3.3.2"
      }
    }
  ],
  "version" : 3
}
